
Microsoft Visual Studio Solution File, Format Version 12.00
# Visual Studio Version 16
VisualStudioVersion = 16.6.30114.105
MinimumVisualStudioVersion = 10.0.40219.1
Project("{2150E333-8FDC-42A3-9474-1A3956D46DE8}") = "src", "src", "{252647E0-7930-41EA-BAAD-575FA4D8F79C}"
EndProject
Project("{FAE04EC0-301F-11D3-BF4B-00C04F79EFBC}") = "CovidPCR-API", "src\CovidPCR-API\CovidPCR-API.csproj", "{BD5E5FBC-291C-4478-9229-C0D8C50D0700}"
EndProject
Project("{FAE04EC0-301F-11D3-BF4B-00C04F79EFBC}") = "Application", "src\Application\Application.csproj", "{BCD7BA09-9C72-491E-AF85-8B87BB7FCF1A}"
EndProject
Project("{FAE04EC0-301F-11D3-BF4B-00C04F79EFBC}") = "Domain", "src\Domain\Domain.csproj", "{464FCB62-55F2-40A7-8A1E-669E529A76AA}"
EndProject
Project("{FAE04EC0-301F-11D3-BF4B-00C04F79EFBC}") = "Infrastructure", "src\Infrastructure\Infrastructure.csproj", "{932710DE-8B85-4E96-9BF3-BA604600A01A}"
EndProject
Project("{FAE04EC0-301F-11D3-BF4B-00C04F79EFBC}") = "API", "src\API\API.csproj", "{4BEC57D1-B110-4BF0-B832-48C9A1461E4A}"
EndProject
Global
	GlobalSection(SolutionConfigurationPlatforms) = preSolution
		Debug|Any CPU = Debug|Any CPU
		Debug|x64 = Debug|x64
		Debug|x86 = Debug|x86
		Release|Any CPU = Release|Any CPU
		Release|x64 = Release|x64
		Release|x86 = Release|x86
	EndGlobalSection
	GlobalSection(SolutionProperties) = preSolution
		HideSolutionNode = FALSE
	EndGlobalSection
	GlobalSection(ProjectConfigurationPlatforms) = postSolution
		{BD5E5FBC-291C-4478-9229-C0D8C50D0700}.Debug|Any CPU.ActiveCfg = Debug|Any CPU
		{BD5E5FBC-291C-4478-9229-C0D8C50D0700}.Debug|Any CPU.Build.0 = Debug|Any CPU
		{BD5E5FBC-291C-4478-9229-C0D8C50D0700}.Debug|x64.ActiveCfg = Debug|Any CPU
		{BD5E5FBC-291C-4478-9229-C0D8C50D0700}.Debug|x64.Build.0 = Debug|Any CPU
		{BD5E5FBC-291C-4478-9229-C0D8C50D0700}.Debug|x86.ActiveCfg = Debug|Any CPU
		{BD5E5FBC-291C-4478-9229-C0D8C50D0700}.Debug|x86.Build.0 = Debug|Any CPU
		{BD5E5FBC-291C-4478-9229-C0D8C50D0700}.Release|Any CPU.ActiveCfg = Release|Any CPU
		{BD5E5FBC-291C-4478-9229-C0D8C50D0700}.Release|Any CPU.Build.0 = Release|Any CPU
		{BD5E5FBC-291C-4478-9229-C0D8C50D0700}.Release|x64.ActiveCfg = Release|Any CPU
		{BD5E5FBC-291C-4478-9229-C0D8C50D0700}.Release|x64.Build.0 = Release|Any CPU
		{BD5E5FBC-291C-4478-9229-C0D8C50D0700}.Release|x86.ActiveCfg = Release|Any CPU
		{BD5E5FBC-291C-4478-9229-C0D8C50D0700}.Release|x86.Build.0 = Release|Any CPU
		{BCD7BA09-9C72-491E-AF85-8B87BB7FCF1A}.Debug|Any CPU.ActiveCfg = Debug|Any CPU
		{BCD7BA09-9C72-491E-AF85-8B87BB7FCF1A}.Debug|Any CPU.Build.0 = Debug|Any CPU
		{BCD7BA09-9C72-491E-AF85-8B87BB7FCF1A}.Debug|x64.ActiveCfg = Debug|Any CPU
		{BCD7BA09-9C72-491E-AF85-8B87BB7FCF1A}.Debug|x64.Build.0 = Debug|Any CPU
		{BCD7BA09-9C72-491E-AF85-8B87BB7FCF1A}.Debug|x86.ActiveCfg = Debug|Any CPU
		{BCD7BA09-9C72-491E-AF85-8B87BB7FCF1A}.Debug|x86.Build.0 = Debug|Any CPU
		{BCD7BA09-9C72-491E-AF85-8B87BB7FCF1A}.Release|Any CPU.ActiveCfg = Release|Any CPU
		{BCD7BA09-9C72-491E-AF85-8B87BB7FCF1A}.Release|Any CPU.Build.0 = Release|Any CPU
		{BCD7BA09-9C72-491E-AF85-8B87BB7FCF1A}.Release|x64.ActiveCfg = Release|Any CPU
		{BCD7BA09-9C72-491E-AF85-8B87BB7FCF1A}.Release|x64.Build.0 = Release|Any CPU
		{BCD7BA09-9C72-491E-AF85-8B87BB7FCF1A}.Release|x86.ActiveCfg = Release|Any CPU
		{BCD7BA09-9C72-491E-AF85-8B87BB7FCF1A}.Release|x86.Build.0 = Release|Any CPU
		{464FCB62-55F2-40A7-8A1E-669E529A76AA}.Debug|Any CPU.ActiveCfg = Debug|Any CPU
		{464FCB62-55F2-40A7-8A1E-669E529A76AA}.Debug|Any CPU.Build.0 = Debug|Any CPU
		{464FCB62-55F2-40A7-8A1E-669E529A76AA}.Debug|x64.ActiveCfg = Debug|Any CPU
		{464FCB62-55F2-40A7-8A1E-669E529A76AA}.Debug|x64.Build.0 = Debug|Any CPU
		{464FCB62-55F2-40A7-8A1E-669E529A76AA}.Debug|x86.ActiveCfg = Debug|Any CPU
		{464FCB62-55F2-40A7-8A1E-669E529A76AA}.Debug|x86.Build.0 = Debug|Any CPU
		{464FCB62-55F2-40A7-8A1E-669E529A76AA}.Release|Any CPU.ActiveCfg = Release|Any CPU
		{464FCB62-55F2-40A7-8A1E-669E529A76AA}.Release|Any CPU.Build.0 = Release|Any CPU
		{464FCB62-55F2-40A7-8A1E-669E529A76AA}.Release|x64.ActiveCfg = Release|Any CPU
		{464FCB62-55F2-40A7-8A1E-669E529A76AA}.Release|x64.Build.0 = Release|Any CPU
		{464FCB62-55F2-40A7-8A1E-669E529A76AA}.Release|x86.ActiveCfg = Release|Any CPU
		{464FCB62-55F2-40A7-8A1E-669E529A76AA}.Release|x86.Build.0 = Release|Any CPU
		{932710DE-8B85-4E96-9BF3-BA604600A01A}.Debug|Any CPU.ActiveCfg = Debug|Any CPU
		{932710DE-8B85-4E96-9BF3-BA604600A01A}.Debug|Any CPU.Build.0 = Debug|Any CPU
		{932710DE-8B85-4E96-9BF3-BA604600A01A}.Debug|x64.ActiveCfg = Debug|Any CPU
		{932710DE-8B85-4E96-9BF3-BA604600A01A}.Debug|x64.Build.0 = Debug|Any CPU
		{932710DE-8B85-4E96-9BF3-BA604600A01A}.Debug|x86.ActiveCfg = Debug|Any CPU
		{932710DE-8B85-4E96-9BF3-BA604600A01A}.Debug|x86.Build.0 = Debug|Any CPU
		{932710DE-8B85-4E96-9BF3-BA604600A01A}.Release|Any CPU.ActiveCfg = Release|Any CPU
		{932710DE-8B85-4E96-9BF3-BA604600A01A}.Release|Any CPU.Build.0 = Release|Any CPU
		{932710DE-8B85-4E96-9BF3-BA604600A01A}.Release|x64.ActiveCfg = Release|Any CPU
		{932710DE-8B85-4E96-9BF3-BA604600A01A}.Release|x64.Build.0 = Release|Any CPU
		{932710DE-8B85-4E96-9BF3-BA604600A01A}.Release|x86.ActiveCfg = Release|Any CPU
		{932710DE-8B85-4E96-9BF3-BA604600A01A}.Release|x86.Build.0 = Release|Any CPU
		{4BEC57D1-B110-4BF0-B832-48C9A1461E4A}.Debug|Any CPU.ActiveCfg = Debug|Any CPU
		{4BEC57D1-B110-4BF0-B832-48C9A1461E4A}.Debug|Any CPU.Build.0 = Debug|Any CPU
		{4BEC57D1-B110-4BF0-B832-48C9A1461E4A}.Debug|x64.ActiveCfg = Debug|Any CPU
		{4BEC57D1-B110-4BF0-B832-48C9A1461E4A}.Debug|x64.Build.0 = Debug|Any CPU
		{4BEC57D1-B110-4BF0-B832-48C9A1461E4A}.Debug|x86.ActiveCfg = Debug|Any CPU
		{4BEC57D1-B110-4BF0-B832-48C9A1461E4A}.Debug|x86.Build.0 = Debug|Any CPU
		{4BEC57D1-B110-4BF0-B832-48C9A1461E4A}.Release|Any CPU.ActiveCfg = Release|Any CPU
		{4BEC57D1-B110-4BF0-B832-48C9A1461E4A}.Release|Any CPU.Build.0 = Release|Any CPU
		{4BEC57D1-B110-4BF0-B832-48C9A1461E4A}.Release|x64.ActiveCfg = Release|Any CPU
		{4BEC57D1-B110-4BF0-B832-48C9A1461E4A}.Release|x64.Build.0 = Release|Any CPU
		{4BEC57D1-B110-4BF0-B832-48C9A1461E4A}.Release|x86.ActiveCfg = Release|Any CPU
		{4BEC57D1-B110-4BF0-B832-48C9A1461E4A}.Release|x86.Build.0 = Release|Any CPU
	EndGlobalSection
	GlobalSection(NestedProjects) = preSolution
		{BD5E5FBC-291C-4478-9229-C0D8C50D0700} = {252647E0-7930-41EA-BAAD-575FA4D8F79C}
		{BCD7BA09-9C72-491E-AF85-8B87BB7FCF1A} = {252647E0-7930-41EA-BAAD-575FA4D8F79C}
		{464FCB62-55F2-40A7-8A1E-669E529A76AA} = {252647E0-7930-41EA-BAAD-575FA4D8F79C}
		{932710DE-8B85-4E96-9BF3-BA604600A01A} = {252647E0-7930-41EA-BAAD-575FA4D8F79C}
		{4BEC57D1-B110-4BF0-B832-48C9A1461E4A} = {252647E0-7930-41EA-BAAD-575FA4D8F79C}
	EndGlobalSection
EndGlobal
